PODS:
  - Alamofire (4.8.2)
  - Kingfisher (4.10.1)

DEPENDENCIES:
  - Alamofire
  - Kingfisher (~> 4.0)

SPEC REPOS:
  https://github.com/cocoapods/specs.git:
    - Alamofire
    - Kingfisher

SPEC CHECKSUMS:
  Alamofire: ae5c501addb7afdbb13687d7f2f722c78734c2d3
  Kingfisher: c148cd7b47ebde9989f6bc7c27dcaa79d81279a0

PODFILE CHECKSUM: 7fca6ca31119853b5cf256c172e669dc751ae1aa

COCOAPODS: 1.5.3
